
Microsoft Visual Studio Solution File, Format Version 12.00
# Visual Studio Version 17
VisualStudioVersion = 17.6.33815.320
MinimumVisualStudioVersion = 10.0.40219.1
Project("{FAE04EC0-301F-11D3-BF4B-00C04F79EFBC}") = "DAL", "DAL\DAL.csproj", "{2FE4ED80-EB23-487D-8D82-2106B78BC392}"
EndProject
Project("{FAE04EC0-301F-11D3-BF4B-00C04F79EFBC}") = "DALTest", "DALTest\DALTest.csproj", "{2E6BDE2D-A72E-496D-89A1-8694877E38BA}"
EndProject
Global
	GlobalSection(SolutionConfigurationPlatforms) = preSolution
		Debug|Any CPU = Debug|Any CPU
		Release|Any CPU = Release|Any CPU
	EndGlobalSection
	GlobalSection(ProjectConfigurationPlatforms) = postSolution
		{2FE4ED80-EB23-487D-8D82-2106B78BC392}.Debug|Any CPU.ActiveCfg = Debug|Any CPU
		{2FE4ED80-EB23-487D-8D82-2106B78BC392}.Debug|Any CPU.Build.0 = Debug|Any CPU
		{2FE4ED80-EB23-487D-8D82-2106B78BC392}.Release|Any CPU.ActiveCfg = Release|Any CPU
		{2FE4ED80-EB23-487D-8D82-2106B78BC392}.Release|Any CPU.Build.0 = Release|Any CPU
		{2E6BDE2D-A72E-496D-89A1-8694877E38BA}.Debug|Any CPU.ActiveCfg = Debug|Any CPU
		{2E6BDE2D-A72E-496D-89A1-8694877E38BA}.Debug|Any CPU.Build.0 = Debug|Any CPU
		{2E6BDE2D-A72E-496D-89A1-8694877E38BA}.Release|Any CPU.ActiveCfg = Release|Any CPU
		{2E6BDE2D-A72E-496D-89A1-8694877E38BA}.Release|Any CPU.Build.0 = Release|Any CPU
	EndGlobalSection
	GlobalSection(SolutionProperties) = preSolution
		HideSolutionNode = FALSE
	EndGlobalSection
	GlobalSection(ExtensibilityGlobals) = postSolution
		SolutionGuid = {8413AEA6-FC03-48C1-AFF1-59CD4090A35A}
	EndGlobalSection
EndGlobal
